[ "cowboy": {:git, "git://github.com/extend/cowboy.git", "b09f3a570d702be7a55c36e5f5b4b63b26198637", []},
  "cowlib": {:git, "git://github.com/extend/cowlib.git", "63298e8e160031a70efff86a1acde7e7db1fcda6", [ref: "0.4.0"]},
  "dynamo": {:git, "git://github.com/dynamo/dynamo.git", "23aabc78cd42fbf484186bce80b08acec1493576", []},
  "exactor": {:git, "git://github.com/sasa1977/exactor.git", "6d93cc137a38eab016cc3b4f40ec781ecf0b6844", []},
  "mime": {:git, "git://github.com/dynamo/mime.git", "7e56a3dd5692afcd39c9797ae2898c5841967098", []},
  "mimetypes": {:git, "git://github.com/spawngrid/mimetypes.git", "47d37a977a7d633199822bf6b08353007483d00f", []},
  "ranch": {:git, "git://github.com/extend/ranch.git", "5df1f222f94e08abdcab7084f5e13027143cc222", [ref: "0.9.0"]} ]
